
Microsoft Visual Studio Solution File, Format Version 12.00
# Visual Studio Version 16
VisualStudioVersion = 16.0.30907.101
MinimumVisualStudioVersion = 10.0.40219.1
Project("{FAE04EC0-301F-11D3-BF4B-00C04F79EFBC}") = "AplikacijaKolekcije", "AplikacijaKolekcije.csproj", "{33449452-C81F-44DF-9F1F-7FBE48B739CF}"
EndProject
Global
	GlobalSection(SolutionConfigurationPlatforms) = preSolution
		Debug|Any CPU = Debug|Any CPU
		Release|Any CPU = Release|Any CPU
	EndGlobalSection
	GlobalSection(ProjectConfigurationPlatforms) = postSolution
		{33449452-C81F-44DF-9F1F-7FBE48B739CF}.Debug|Any CPU.ActiveCfg = Debug|Any CPU
		{33449452-C81F-44DF-9F1F-7FBE48B739CF}.Debug|Any CPU.Build.0 = Debug|Any CPU
		{33449452-C81F-44DF-9F1F-7FBE48B739CF}.Release|Any CPU.ActiveCfg = Release|Any CPU
		{33449452-C81F-44DF-9F1F-7FBE48B739CF}.Release|Any CPU.Build.0 = Release|Any CPU
	EndGlobalSection
	GlobalSection(SolutionProperties) = preSolution
		HideSolutionNode = FALSE
	EndGlobalSection
	GlobalSection(ExtensibilityGlobals) = postSolution
		SolutionGuid = {D663EC96-74AE-469E-A94A-6225CC0B26D7}
	EndGlobalSection
EndGlobal
